
Microsoft Visual Studio Solution File, Format Version 12.00
# Visual Studio 15
VisualStudioVersion = 15.0.28307.1231
MinimumVisualStudioVersion = 10.0.40219.1
Project("{9A19103F-16F7-4668-BE54-9A1E7A4F7556}") = "ItemDropAPI", "ItemDropAPI.csproj", "{FF4CC121-8EC4-4A74-B9A8-DB9678354E49}"
EndProject
Global
	GlobalSection(SolutionConfigurationPlatforms) = preSolution
		Debug|Any CPU = Debug|Any CPU
		Release|Any CPU = Release|Any CPU
	EndGlobalSection
	GlobalSection(ProjectConfigurationPlatforms) = postSolution
		{FF4CC121-8EC4-4A74-B9A8-DB9678354E49}.Debug|Any CPU.ActiveCfg = Debug|Any CPU
		{FF4CC121-8EC4-4A74-B9A8-DB9678354E49}.Debug|Any CPU.Build.0 = Debug|Any CPU
		{FF4CC121-8EC4-4A74-B9A8-DB9678354E49}.Release|Any CPU.ActiveCfg = Release|Any CPU
		{FF4CC121-8EC4-4A74-B9A8-DB9678354E49}.Release|Any CPU.Build.0 = Release|Any CPU
	EndGlobalSection
	GlobalSection(SolutionProperties) = preSolution
		HideSolutionNode = FALSE
	EndGlobalSection
	GlobalSection(ExtensibilityGlobals) = postSolution
		SolutionGuid = {44DE7BA1-93E9-4AFC-B0B7-8C733B054041}
	EndGlobalSection
EndGlobal
